
Microsoft Visual Studio Solution File, Format Version 12.00
# Visual Studio Version 17
VisualStudioVersion = 17.9.34728.123
MinimumVisualStudioVersion = 10.0.40219.1
Project("{FAE04EC0-301F-11D3-BF4B-00C04F79EFBC}") = "HotelPlayaParadise", "HotelPlayaParadise\HotelPlayaParadise.csproj", "{EE82CC09-A2AB-465A-8017-50B0531F2791}"
EndProject
Global
	GlobalSection(SolutionConfigurationPlatforms) = preSolution
		Debug|Any CPU = Debug|Any CPU
		Release|Any CPU = Release|Any CPU
	EndGlobalSection
	GlobalSection(ProjectConfigurationPlatforms) = postSolution
		{EE82CC09-A2AB-465A-8017-50B0531F2791}.Debug|Any CPU.ActiveCfg = Debug|Any CPU
		{EE82CC09-A2AB-465A-8017-50B0531F2791}.Debug|Any CPU.Build.0 = Debug|Any CPU
		{EE82CC09-A2AB-465A-8017-50B0531F2791}.Release|Any CPU.ActiveCfg = Release|Any CPU
		{EE82CC09-A2AB-465A-8017-50B0531F2791}.Release|Any CPU.Build.0 = Release|Any CPU
	EndGlobalSection
	GlobalSection(SolutionProperties) = preSolution
		HideSolutionNode = FALSE
	EndGlobalSection
	GlobalSection(ExtensibilityGlobals) = postSolution
		SolutionGuid = {40E95A00-6F9F-4EEB-B482-A185A8E52AC4}
	EndGlobalSection
EndGlobal
